
Microsoft Visual Studio Solution File, Format Version 12.00
# Visual Studio Version 17
VisualStudioVersion = 17.0.31903.59
MinimumVisualStudioVersion = 10.0.40219.1
Project("{FAE04EC0-301F-11D3-BF4B-00C04F79EFBC}") = "Nop.Core", "Libraries\Nop.Core\Nop.Core.csproj", "{9FDE64B8-3D8A-4E6B-89F0-B33D76A0BCFC}"
EndProject
Project("{FAE04EC0-301F-11D3-BF4B-00C04F79EFBC}") = "Nop.Data", "Libraries\Nop.Data\Nop.Data.csproj", "{34C7DCAF-7E03-4D99-967A-EAC72DBD588A}"
EndProject
Project("{FAE04EC0-301F-11D3-BF4B-00C04F79EFBC}") = "Nop.Services", "Libraries\Nop.Services\Nop.Services.csproj", "{9E4A6566-0C01-405B-8096-6DE638CC2BCA}"
EndProject
Project("{FAE04EC0-301F-11D3-BF4B-00C04F79EFBC}") = "Nop.Plugin.DiscountRules.CustomerRoles", "Plugins\Nop.Plugin.DiscountRules.CustomerRoles\Nop.Plugin.DiscountRules.CustomerRoles.csproj", "{4B612768-27E6-4EB3-9A05-4C73CC34445E}"
EndProject
Project("{FAE04EC0-301F-11D3-BF4B-00C04F79EFBC}") = "Nop.Web.Framework", "Presentation\Nop.Web.Framework\Nop.Web.Framework.csproj", "{F1B60768-649B-4E38-836D-C20FA52B2732}"
EndProject
Project("{FAE04EC0-301F-11D3-BF4B-00C04F79EFBC}") = "Nop.Plugin.DiscountRules.HasOneProduct", "Plugins\Nop.Plugin.DiscountRules.HasOneProduct\Nop.Plugin.DiscountRules.HasOneProduct.csproj", "{21EECB26-95B3-4F3F-9BA7-9D15992205FC}"
EndProject
Project("{FAE04EC0-301F-11D3-BF4B-00C04F79EFBC}") = "Nop.Plugin.ExchangeRate.EcbExchange", "Plugins\Nop.Plugin.ExchangeRate.EcbExchange\Nop.Plugin.ExchangeRate.EcbExchange.csproj", "{490392B3-068B-429D-8325-222A20CB48F3}"
EndProject
Project("{FAE04EC0-301F-11D3-BF4B-00C04F79EFBC}") = "Nop.Plugin.ExternalAuth.Facebook", "Plugins\Nop.Plugin.ExternalAuth.Facebook\Nop.Plugin.ExternalAuth.Facebook.csproj", "{366E3E69-250A-441C-B687-7F28FA3B7C78}"
EndProject
Project("{FAE04EC0-301F-11D3-BF4B-00C04F79EFBC}") = "Nop.Plugin.Feed.GoogleShopping", "Plugins\Nop.Plugin.Feed.GoogleShopping\Nop.Plugin.Feed.GoogleShopping.csproj", "{DA184EBF-E716-4AC4-BE3F-F3553D07A93A}"
EndProject
Project("{FAE04EC0-301F-11D3-BF4B-00C04F79EFBC}") = "Nop.Plugin.Payments.CheckMoneyOrder", "Plugins\Nop.Plugin.Payments.CheckMoneyOrder\Nop.Plugin.Payments.CheckMoneyOrder.csproj", "{540E60FE-CA97-4189-A4E8-AF64656D1C67}"
EndProject
Project("{FAE04EC0-301F-11D3-BF4B-00C04F79EFBC}") = "Nop.Plugin.Payments.Manual", "Plugins\Nop.Plugin.Payments.Manual\Nop.Plugin.Payments.Manual.csproj", "{7009B31C-C6B1-4877-AFD0-C3E6046712FE}"
EndProject
Project("{FAE04EC0-301F-11D3-BF4B-00C04F79EFBC}") = "Nop.Plugin.Payments.PayPalDirect", "Plugins\Nop.Plugin.Payments.PayPalDirect\Nop.Plugin.Payments.PayPalDirect.csproj", "{28A4A14C-77A4-4618-8F9E-D8D2B28C845A}"
EndProject
Project("{FAE04EC0-301F-11D3-BF4B-00C04F79EFBC}") = "Nop.Plugin.Payments.PayPalStandard", "Plugins\Nop.Plugin.Payments.PayPalStandard\Nop.Plugin.Payments.PayPalStandard.csproj", "{0C5861C1-F8B0-45A1-AA42-7BD7B4C5CA23}"
EndProject
Project("{FAE04EC0-301F-11D3-BF4B-00C04F79EFBC}") = "Nop.Plugin.Payments.PurchaseOrder", "Plugins\Nop.Plugin.Payments.PurchaseOrder\Nop.Plugin.Payments.PurchaseOrder.csproj", "{257DB983-0ABE-43FF-82C1-75CA5127A0EA}"
EndProject
Project("{FAE04EC0-301F-11D3-BF4B-00C04F79EFBC}") = "Nop.Plugin.Pickup.PickupInStore", "Plugins\Nop.Plugin.Pickup.PickupInStore\Nop.Plugin.Pickup.PickupInStore.csproj", "{AAA6E609-F960-4A31-8853-8FE8A691FDF0}"
EndProject
Project("{FAE04EC0-301F-11D3-BF4B-00C04F79EFBC}") = "Nop.Plugin.Shipping.AustraliaPost", "Plugins\Nop.Plugin.Shipping.AustraliaPost\Nop.Plugin.Shipping.AustraliaPost.csproj", "{71A0E1A1-BAB8-4F46-AB37-F5B10016047F}"
EndProject
Project("{FAE04EC0-301F-11D3-BF4B-00C04F79EFBC}") = "Nop.Plugin.Shipping.CanadaPost", "Plugins\Nop.Plugin.Shipping.CanadaPost\Nop.Plugin.Shipping.CanadaPost.csproj", "{48B7F463-224E-47AC-95CC-01D26F289199}"
EndProject
Project("{FAE04EC0-301F-11D3-BF4B-00C04F79EFBC}") = "Nop.Plugin.Shipping.Fedex", "Plugins\Nop.Plugin.Shipping.Fedex\Nop.Plugin.Shipping.Fedex.csproj", "{FD7F2A6C-604C-414F-A54D-E39C8C10B8E7}"
EndProject
Project("{FAE04EC0-301F-11D3-BF4B-00C04F79EFBC}") = "Nop.Plugin.Shipping.FixedOrByWeight", "Plugins\Nop.Plugin.Shipping.FixedOrByWeight\Nop.Plugin.Shipping.FixedOrByWeight.csproj", "{715615E3-0C65-4856-8F0E-1BF6BF2FA77D}"
EndProject
Project("{FAE04EC0-301F-11D3-BF4B-00C04F79EFBC}") = "Nop.Plugin.Shipping.UPS", "Plugins\Nop.Plugin.Shipping.UPS\Nop.Plugin.Shipping.UPS.csproj", "{39E14C10-94FE-4288-A7C8-EF6A19476A8E}"
EndProject
Project("{FAE04EC0-301F-11D3-BF4B-00C04F79EFBC}") = "Nop.Plugin.Shipping.USPS", "Plugins\Nop.Plugin.Shipping.USPS\Nop.Plugin.Shipping.USPS.csproj", "{37A8265E-795B-4B60-8A1F-7C666236A78E}"
EndProject
Project("{FAE04EC0-301F-11D3-BF4B-00C04F79EFBC}") = "Nop.Plugin.Tax.FixedOrByCountryStateZip", "Plugins\Nop.Plugin.Tax.FixedOrByCountryStateZip\Nop.Plugin.Tax.FixedOrByCountryStateZip.csproj", "{BA8C18BD-788B-4F00-82AB-2680C8CC31C0}"
EndProject
Project("{FAE04EC0-301F-11D3-BF4B-00C04F79EFBC}") = "Nop.Plugin.Widgets.GoogleAnalytics", "Plugins\Nop.Plugin.Widgets.GoogleAnalytics\Nop.Plugin.Widgets.GoogleAnalytics.csproj", "{6E45EED8-6045-4ACC-9827-9DA81056ABAE}"
EndProject
Project("{FAE04EC0-301F-11D3-BF4B-00C04F79EFBC}") = "Nop.Plugin.Widgets.NivoSlider", "Plugins\Nop.Plugin.Widgets.NivoSlider\Nop.Plugin.Widgets.NivoSlider.csproj", "{317F8BCC-D7C4-4AB6-879C-504D3C9024EE}"
EndProject
Project("{FAE04EC0-301F-11D3-BF4B-00C04F79EFBC}") = "Nop.Admin", "Presentation\Nop.Web\Administration\Nop.Admin.csproj", "{11E5DB8C-9600-4C61-B888-6D8EADC121F6}"
EndProject
Project("{FAE04EC0-301F-11D3-BF4B-00C04F79EFBC}") = "Nop.Web", "Presentation\Nop.Web\Nop.Web.csproj", "{230C1004-1115-4EB5-9068-98A82738764F}"
EndProject
Project("{FAE04EC0-301F-11D3-BF4B-00C04F79EFBC}") = "Nop.Admin.Tests", "Tests\Nop.Admin.Tests\Nop.Admin.Tests.csproj", "{417C6970-14F7-4296-80DD-763D0FF39C21}"
EndProject
Project("{FAE04EC0-301F-11D3-BF4B-00C04F79EFBC}") = "Nop.Plugin.SmokeProbe", "Tests\Nop.Plugin.SmokeProbe\Nop.Plugin.SmokeProbe.csproj", "{0749BE4B-972E-442D-8DBB-81FBAEE7EF45}"
EndProject
Project("{FAE04EC0-301F-11D3-BF4B-00C04F79EFBC}") = "Nop.Tests", "Tests\Nop.Tests\Nop.Tests.csproj", "{42A70326-AF84-44DD-804C-1CF688ABF93A}"
EndProject
Project("{FAE04EC0-301F-11D3-BF4B-00C04F79EFBC}") = "Nop.Web.MVC.Tests", "Tests\Nop.Web.MVC.Tests\Nop.Web.MVC.Tests.csproj", "{B730E040-0087-4BDB-B845-F29B102F3360}"
EndProject
Project("{FAE04EC0-301F-11D3-BF4B-00C04F79EFBC}") = "Nop.Web.SmokeTests", "Tests\Nop.Web.SmokeTests\Nop.Web.SmokeTests.csproj", "{DE089BB3-1E65-41E7-897A-D0D872CDFFE1}"
EndProject
Global
	GlobalSection(SolutionConfigurationPlatforms) = preSolution
		Debug|Any CPU = Debug|Any CPU
		Debug|x64 = Debug|x64
		Debug|x86 = Debug|x86
		Release|Any CPU = Release|Any CPU
		Release|x64 = Release|x64
		Release|x86 = Release|x86
	EndGlobalSection
	GlobalSection(ProjectConfigurationPlatforms) = postSolution
		{9FDE64B8-3D8A-4E6B-89F0-B33D76A0BCFC}.Debug|Any CPU.ActiveCfg = Debug|Any CPU
		{9FDE64B8-3D8A-4E6B-89F0-B33D76A0BCFC}.Debug|Any CPU.Build.0 = Debug|Any CPU
		{9FDE64B8-3D8A-4E6B-89F0-B33D76A0BCFC}.Debug|x64.ActiveCfg = Debug|Any CPU
		{9FDE64B8-3D8A-4E6B-89F0-B33D76A0BCFC}.Debug|x64.Build.0 = Debug|Any CPU
		{9FDE64B8-3D8A-4E6B-89F0-B33D76A0BCFC}.Debug|x86.ActiveCfg = Debug|Any CPU
		{9FDE64B8-3D8A-4E6B-89F0-B33D76A0BCFC}.Debug|x86.Build.0 = Debug|Any CPU
		{9FDE64B8-3D8A-4E6B-89F0-B33D76A0BCFC}.Release|Any CPU.ActiveCfg = Release|Any CPU
		{9FDE64B8-3D8A-4E6B-89F0-B33D76A0BCFC}.Release|Any CPU.Build.0 = Release|Any CPU
		{9FDE64B8-3D8A-4E6B-89F0-B33D76A0BCFC}.Release|x64.ActiveCfg = Release|Any CPU
		{9FDE64B8-3D8A-4E6B-89F0-B33D76A0BCFC}.Release|x64.Build.0 = Release|Any CPU
		{9FDE64B8-3D8A-4E6B-89F0-B33D76A0BCFC}.Release|x86.ActiveCfg = Release|Any CPU
		{9FDE64B8-3D8A-4E6B-89F0-B33D76A0BCFC}.Release|x86.Build.0 = Release|Any CPU
		{34C7DCAF-7E03-4D99-967A-EAC72DBD588A}.Debug|Any CPU.ActiveCfg = Debug|Any CPU
		{34C7DCAF-7E03-4D99-967A-EAC72DBD588A}.Debug|Any CPU.Build.0 = Debug|Any CPU
		{34C7DCAF-7E03-4D99-967A-EAC72DBD588A}.Debug|x64.ActiveCfg = Debug|Any CPU
		{34C7DCAF-7E03-4D99-967A-EAC72DBD588A}.Debug|x64.Build.0 = Debug|Any CPU
		{34C7DCAF-7E03-4D99-967A-EAC72DBD588A}.Debug|x86.ActiveCfg = Debug|Any CPU
		{34C7DCAF-7E03-4D99-967A-EAC72DBD588A}.Debug|x86.Build.0 = Debug|Any CPU
		{34C7DCAF-7E03-4D99-967A-EAC72DBD588A}.Release|Any CPU.ActiveCfg = Release|Any CPU
		{34C7DCAF-7E03-4D99-967A-EAC72DBD588A}.Release|Any CPU.Build.0 = Release|Any CPU
		{34C7DCAF-7E03-4D99-967A-EAC72DBD588A}.Release|x64.ActiveCfg = Release|Any CPU
		{34C7DCAF-7E03-4D99-967A-EAC72DBD588A}.Release|x64.Build.0 = Release|Any CPU
		{34C7DCAF-7E03-4D99-967A-EAC72DBD588A}.Release|x86.ActiveCfg = Release|Any CPU
		{34C7DCAF-7E03-4D99-967A-EAC72DBD588A}.Release|x86.Build.0 = Release|Any CPU
		{9E4A6566-0C01-405B-8096-6DE638CC2BCA}.Debug|Any CPU.ActiveCfg = Debug|Any CPU
		{9E4A6566-0C01-405B-8096-6DE638CC2BCA}.Debug|Any CPU.Build.0 = Debug|Any CPU
		{9E4A6566-0C01-405B-8096-6DE638CC2BCA}.Debug|x64.ActiveCfg = Debug|Any CPU
		{9E4A6566-0C01-405B-8096-6DE638CC2BCA}.Debug|x64.Build.0 = Debug|Any CPU
		{9E4A6566-0C01-405B-8096-6DE638CC2BCA}.Debug|x86.ActiveCfg = Debug|Any CPU
		{9E4A6566-0C01-405B-8096-6DE638CC2BCA}.Debug|x86.Build.0 = Debug|Any CPU
		{9E4A6566-0C01-405B-8096-6DE638CC2BCA}.Release|Any CPU.ActiveCfg = Release|Any CPU
		{9E4A6566-0C01-405B-8096-6DE638CC2BCA}.Release|Any CPU.Build.0 = Release|Any CPU
		{9E4A6566-0C01-405B-8096-6DE638CC2BCA}.Release|x64.ActiveCfg = Release|Any CPU
		{9E4A6566-0C01-405B-8096-6DE638CC2BCA}.Release|x64.Build.0 = Release|Any CPU
		{9E4A6566-0C01-405B-8096-6DE638CC2BCA}.Release|x86.ActiveCfg = Release|Any CPU
		{9E4A6566-0C01-405B-8096-6DE638CC2BCA}.Release|x86.Build.0 = Release|Any CPU
		{4B612768-27E6-4EB3-9A05-4C73CC34445E}.Debug|Any CPU.ActiveCfg = Debug|Any CPU
		{4B612768-27E6-4EB3-9A05-4C73CC34445E}.Debug|Any CPU.Build.0 = Debug|Any CPU
		{4B612768-27E6-4EB3-9A05-4C73CC34445E}.Debug|x64.ActiveCfg = Debug|Any CPU
		{4B612768-27E6-4EB3-9A05-4C73CC34445E}.Debug|x64.Build.0 = Debug|Any CPU
		{4B612768-27E6-4EB3-9A05-4C73CC34445E}.Debug|x86.ActiveCfg = Debug|Any CPU
		{4B612768-27E6-4EB3-9A05-4C73CC34445E}.Debug|x86.Build.0 = Debug|Any CPU
		{4B612768-27E6-4EB3-9A05-4C73CC34445E}.Release|Any CPU.ActiveCfg = Release|Any CPU
		{4B612768-27E6-4EB3-9A05-4C73CC34445E}.Release|Any CPU.Build.0 = Release|Any CPU
		{4B612768-27E6-4EB3-9A05-4C73CC34445E}.Release|x64.ActiveCfg = Release|Any CPU
		{4B612768-27E6-4EB3-9A05-4C73CC34445E}.Release|x64.Build.0 = Release|Any CPU
		{4B612768-27E6-4EB3-9A05-4C73CC34445E}.Release|x86.ActiveCfg = Release|Any CPU
		{4B612768-27E6-4EB3-9A05-4C73CC34445E}.Release|x86.Build.0 = Release|Any CPU
		{F1B60768-649B-4E38-836D-C20FA52B2732}.Debug|Any CPU.ActiveCfg = Debug|Any CPU
		{F1B60768-649B-4E38-836D-C20FA52B2732}.Debug|Any CPU.Build.0 = Debug|Any CPU
		{F1B60768-649B-4E38-836D-C20FA52B2732}.Debug|x64.ActiveCfg = Debug|Any CPU
		{F1B60768-649B-4E38-836D-C20FA52B2732}.Debug|x64.Build.0 = Debug|Any CPU
		{F1B60768-649B-4E38-836D-C20FA52B2732}.Debug|x86.ActiveCfg = Debug|Any CPU
		{F1B60768-649B-4E38-836D-C20FA52B2732}.Debug|x86.Build.0 = Debug|Any CPU
		{F1B60768-649B-4E38-836D-C20FA52B2732}.Release|Any CPU.ActiveCfg = Release|Any CPU
		{F1B60768-649B-4E38-836D-C20FA52B2732}.Release|Any CPU.Build.0 = Release|Any CPU
		{F1B60768-649B-4E38-836D-C20FA52B2732}.Release|x64.ActiveCfg = Release|Any CPU
		{F1B60768-649B-4E38-836D-C20FA52B2732}.Release|x64.Build.0 = Release|Any CPU
		{F1B60768-649B-4E38-836D-C20FA52B2732}.Release|x86.ActiveCfg = Release|Any CPU
		{F1B60768-649B-4E38-836D-C20FA52B2732}.Release|x86.Build.0 = Release|Any CPU
		{21EECB26-95B3-4F3F-9BA7-9D15992205FC}.Debug|Any CPU.ActiveCfg = Debug|Any CPU
		{21EECB26-95B3-4F3F-9BA7-9D15992205FC}.Debug|Any CPU.Build.0 = Debug|Any CPU
		{21EECB26-95B3-4F3F-9BA7-9D15992205FC}.Debug|x64.ActiveCfg = Debug|Any CPU
		{21EECB26-95B3-4F3F-9BA7-9D15992205FC}.Debug|x64.Build.0 = Debug|Any CPU
		{21EECB26-95B3-4F3F-9BA7-9D15992205FC}.Debug|x86.ActiveCfg = Debug|Any CPU
		{21EECB26-95B3-4F3F-9BA7-9D15992205FC}.Debug|x86.Build.0 = Debug|Any CPU
		{21EECB26-95B3-4F3F-9BA7-9D15992205FC}.Release|Any CPU.ActiveCfg = Release|Any CPU
		{21EECB26-95B3-4F3F-9BA7-9D15992205FC}.Release|Any CPU.Build.0 = Release|Any CPU
		{21EECB26-95B3-4F3F-9BA7-9D15992205FC}.Release|x64.ActiveCfg = Release|Any CPU
		{21EECB26-95B3-4F3F-9BA7-9D15992205FC}.Release|x64.Build.0 = Release|Any CPU
		{21EECB26-95B3-4F3F-9BA7-9D15992205FC}.Release|x86.ActiveCfg = Release|Any CPU
		{21EECB26-95B3-4F3F-9BA7-9D15992205FC}.Release|x86.Build.0 = Release|Any CPU
		{490392B3-068B-429D-8325-222A20CB48F3}.Debug|Any CPU.ActiveCfg = Debug|Any CPU
		{490392B3-068B-429D-8325-222A20CB48F3}.Debug|Any CPU.Build.0 = Debug|Any CPU
		{490392B3-068B-429D-8325-222A20CB48F3}.Debug|x64.ActiveCfg = Debug|Any CPU
		{490392B3-068B-429D-8325-222A20CB48F3}.Debug|x64.Build.0 = Debug|Any CPU
		{490392B3-068B-429D-8325-222A20CB48F3}.Debug|x86.ActiveCfg = Debug|Any CPU
		{490392B3-068B-429D-8325-222A20CB48F3}.Debug|x86.Build.0 = Debug|Any CPU
		{490392B3-068B-429D-8325-222A20CB48F3}.Release|Any CPU.ActiveCfg = Release|Any CPU
		{490392B3-068B-429D-8325-222A20CB48F3}.Release|Any CPU.Build.0 = Release|Any CPU
		{490392B3-068B-429D-8325-222A20CB48F3}.Release|x64.ActiveCfg = Release|Any CPU
		{490392B3-068B-429D-8325-222A20CB48F3}.Release|x64.Build.0 = Release|Any CPU
		{490392B3-068B-429D-8325-222A20CB48F3}.Release|x86.ActiveCfg = Release|Any CPU
		{490392B3-068B-429D-8325-222A20CB48F3}.Release|x86.Build.0 = Release|Any CPU
		{366E3E69-250A-441C-B687-7F28FA3B7C78}.Debug|Any CPU.ActiveCfg = Debug|Any CPU
		{366E3E69-250A-441C-B687-7F28FA3B7C78}.Debug|Any CPU.Build.0 = Debug|Any CPU
		{366E3E69-250A-441C-B687-7F28FA3B7C78}.Debug|x64.ActiveCfg = Debug|Any CPU
		{366E3E69-250A-441C-B687-7F28FA3B7C78}.Debug|x64.Build.0 = Debug|Any CPU
		{366E3E69-250A-441C-B687-7F28FA3B7C78}.Debug|x86.ActiveCfg = Debug|Any CPU
		{366E3E69-250A-441C-B687-7F28FA3B7C78}.Debug|x86.Build.0 = Debug|Any CPU
		{366E3E69-250A-441C-B687-7F28FA3B7C78}.Release|Any CPU.ActiveCfg = Release|Any CPU
		{366E3E69-250A-441C-B687-7F28FA3B7C78}.Release|Any CPU.Build.0 = Release|Any CPU
		{366E3E69-250A-441C-B687-7F28FA3B7C78}.Release|x64.ActiveCfg = Release|Any CPU
		{366E3E69-250A-441C-B687-7F28FA3B7C78}.Release|x64.Build.0 = Release|Any CPU
		{366E3E69-250A-441C-B687-7F28FA3B7C78}.Release|x86.ActiveCfg = Release|Any CPU
		{366E3E69-250A-441C-B687-7F28FA3B7C78}.Release|x86.Build.0 = Release|Any CPU
		{DA184EBF-E716-4AC4-BE3F-F3553D07A93A}.Debug|Any CPU.ActiveCfg = Debug|Any CPU
		{DA184EBF-E716-4AC4-BE3F-F3553D07A93A}.Debug|Any CPU.Build.0 = Debug|Any CPU
		{DA184EBF-E716-4AC4-BE3F-F3553D07A93A}.Debug|x64.ActiveCfg = Debug|Any CPU
		{DA184EBF-E716-4AC4-BE3F-F3553D07A93A}.Debug|x64.Build.0 = Debug|Any CPU
		{DA184EBF-E716-4AC4-BE3F-F3553D07A93A}.Debug|x86.ActiveCfg = Debug|Any CPU
		{DA184EBF-E716-4AC4-BE3F-F3553D07A93A}.Debug|x86.Build.0 = Debug|Any CPU
		{DA184EBF-E716-4AC4-BE3F-F3553D07A93A}.Release|Any CPU.ActiveCfg = Release|Any CPU
		{DA184EBF-E716-4AC4-BE3F-F3553D07A93A}.Release|Any CPU.Build.0 = Release|Any CPU
		{DA184EBF-E716-4AC4-BE3F-F3553D07A93A}.Release|x64.ActiveCfg = Release|Any CPU
		{DA184EBF-E716-4AC4-BE3F-F3553D07A93A}.Release|x64.Build.0 = Release|Any CPU
		{DA184EBF-E716-4AC4-BE3F-F3553D07A93A}.Release|x86.ActiveCfg = Release|Any CPU
		{DA184EBF-E716-4AC4-BE3F-F3553D07A93A}.Release|x86.Build.0 = Release|Any CPU
		{540E60FE-CA97-4189-A4E8-AF64656D1C67}.Debug|Any CPU.ActiveCfg = Debug|Any CPU
		{540E60FE-CA97-4189-A4E8-AF64656D1C67}.Debug|Any CPU.Build.0 = Debug|Any CPU
		{540E60FE-CA97-4189-A4E8-AF64656D1C67}.Debug|x64.ActiveCfg = Debug|Any CPU
		{540E60FE-CA97-4189-A4E8-AF64656D1C67}.Debug|x64.Build.0 = Debug|Any CPU
		{540E60FE-CA97-4189-A4E8-AF64656D1C67}.Debug|x86.ActiveCfg = Debug|Any CPU
		{540E60FE-CA97-4189-A4E8-AF64656D1C67}.Debug|x86.Build.0 = Debug|Any CPU
		{540E60FE-CA97-4189-A4E8-AF64656D1C67}.Release|Any CPU.ActiveCfg = Release|Any CPU
		{540E60FE-CA97-4189-A4E8-AF64656D1C67}.Release|Any CPU.Build.0 = Release|Any CPU
		{540E60FE-CA97-4189-A4E8-AF64656D1C67}.Release|x64.ActiveCfg = Release|Any CPU
		{540E60FE-CA97-4189-A4E8-AF64656D1C67}.Release|x64.Build.0 = Release|Any CPU
		{540E60FE-CA97-4189-A4E8-AF64656D1C67}.Release|x86.ActiveCfg = Release|Any CPU
		{540E60FE-CA97-4189-A4E8-AF64656D1C67}.Release|x86.Build.0 = Release|Any CPU
		{7009B31C-C6B1-4877-AFD0-C3E6046712FE}.Debug|Any CPU.ActiveCfg = Debug|Any CPU
		{7009B31C-C6B1-4877-AFD0-C3E6046712FE}.Debug|Any CPU.Build.0 = Debug|Any CPU
		{7009B31C-C6B1-4877-AFD0-C3E6046712FE}.Debug|x64.ActiveCfg = Debug|Any CPU
		{7009B31C-C6B1-4877-AFD0-C3E6046712FE}.Debug|x64.Build.0 = Debug|Any CPU
		{7009B31C-C6B1-4877-AFD0-C3E6046712FE}.Debug|x86.ActiveCfg = Debug|Any CPU
		{7009B31C-C6B1-4877-AFD0-C3E6046712FE}.Debug|x86.Build.0 = Debug|Any CPU
		{7009B31C-C6B1-4877-AFD0-C3E6046712FE}.Release|Any CPU.ActiveCfg = Release|Any CPU
		{7009B31C-C6B1-4877-AFD0-C3E6046712FE}.Release|Any CPU.Build.0 = Release|Any CPU
		{7009B31C-C6B1-4877-AFD0-C3E6046712FE}.Release|x64.ActiveCfg = Release|Any CPU
		{7009B31C-C6B1-4877-AFD0-C3E6046712FE}.Release|x64.Build.0 = Release|Any CPU
		{7009B31C-C6B1-4877-AFD0-C3E6046712FE}.Release|x86.ActiveCfg = Release|Any CPU
		{7009B31C-C6B1-4877-AFD0-C3E6046712FE}.Release|x86.Build.0 = Release|Any CPU
		{28A4A14C-77A4-4618-8F9E-D8D2B28C845A}.Debug|Any CPU.ActiveCfg = Debug|Any CPU
		{28A4A14C-77A4-4618-8F9E-D8D2B28C845A}.Debug|Any CPU.Build.0 = Debug|Any CPU
		{28A4A14C-77A4-4618-8F9E-D8D2B28C845A}.Debug|x64.ActiveCfg = Debug|Any CPU
		{28A4A14C-77A4-4618-8F9E-D8D2B28C845A}.Debug|x64.Build.0 = Debug|Any CPU
		{28A4A14C-77A4-4618-8F9E-D8D2B28C845A}.Debug|x86.ActiveCfg = Debug|Any CPU
		{28A4A14C-77A4-4618-8F9E-D8D2B28C845A}.Debug|x86.Build.0 = Debug|Any CPU
		{28A4A14C-77A4-4618-8F9E-D8D2B28C845A}.Release|Any CPU.ActiveCfg = Release|Any CPU
		{28A4A14C-77A4-4618-8F9E-D8D2B28C845A}.Release|Any CPU.Build.0 = Release|Any CPU
		{28A4A14C-77A4-4618-8F9E-D8D2B28C845A}.Release|x64.ActiveCfg = Release|Any CPU
		{28A4A14C-77A4-4618-8F9E-D8D2B28C845A}.Release|x64.Build.0 = Release|Any CPU
		{28A4A14C-77A4-4618-8F9E-D8D2B28C845A}.Release|x86.ActiveCfg = Release|Any CPU
		{28A4A14C-77A4-4618-8F9E-D8D2B28C845A}.Release|x86.Build.0 = Release|Any CPU
		{0C5861C1-F8B0-45A1-AA42-7BD7B4C5CA23}.Debug|Any CPU.ActiveCfg = Debug|Any CPU
		{0C5861C1-F8B0-45A1-AA42-7BD7B4C5CA23}.Debug|Any CPU.Build.0 = Debug|Any CPU
		{0C5861C1-F8B0-45A1-AA42-7BD7B4C5CA23}.Debug|x64.ActiveCfg = Debug|Any CPU
		{0C5861C1-F8B0-45A1-AA42-7BD7B4C5CA23}.Debug|x64.Build.0 = Debug|Any CPU
		{0C5861C1-F8B0-45A1-AA42-7BD7B4C5CA23}.Debug|x86.ActiveCfg = Debug|Any CPU
		{0C5861C1-F8B0-45A1-AA42-7BD7B4C5CA23}.Debug|x86.Build.0 = Debug|Any CPU
		{0C5861C1-F8B0-45A1-AA42-7BD7B4C5CA23}.Release|Any CPU.ActiveCfg = Release|Any CPU
		{0C5861C1-F8B0-45A1-AA42-7BD7B4C5CA23}.Release|Any CPU.Build.0 = Release|Any CPU
		{0C5861C1-F8B0-45A1-AA42-7BD7B4C5CA23}.Release|x64.ActiveCfg = Release|Any CPU
		{0C5861C1-F8B0-45A1-AA42-7BD7B4C5CA23}.Release|x64.Build.0 = Release|Any CPU
		{0C5861C1-F8B0-45A1-AA42-7BD7B4C5CA23}.Release|x86.ActiveCfg = Release|Any CPU
		{0C5861C1-F8B0-45A1-AA42-7BD7B4C5CA23}.Release|x86.Build.0 = Release|Any CPU
		{257DB983-0ABE-43FF-82C1-75CA5127A0EA}.Debug|Any CPU.ActiveCfg = Debug|Any CPU
		{257DB983-0ABE-43FF-82C1-75CA5127A0EA}.Debug|Any CPU.Build.0 = Debug|Any CPU
		{257DB983-0ABE-43FF-82C1-75CA5127A0EA}.Debug|x64.ActiveCfg = Debug|Any CPU
		{257DB983-0ABE-43FF-82C1-75CA5127A0EA}.Debug|x64.Build.0 = Debug|Any CPU
		{257DB983-0ABE-43FF-82C1-75CA5127A0EA}.Debug|x86.ActiveCfg = Debug|Any CPU
		{257DB983-0ABE-43FF-82C1-75CA5127A0EA}.Debug|x86.Build.0 = Debug|Any CPU
		{257DB983-0ABE-43FF-82C1-75CA5127A0EA}.Release|Any CPU.ActiveCfg = Release|Any CPU
		{257DB983-0ABE-43FF-82C1-75CA5127A0EA}.Release|Any CPU.Build.0 = Release|Any CPU
		{257DB983-0ABE-43FF-82C1-75CA5127A0EA}.Release|x64.ActiveCfg = Release|Any CPU
		{257DB983-0ABE-43FF-82C1-75CA5127A0EA}.Release|x64.Build.0 = Release|Any CPU
		{257DB983-0ABE-43FF-82C1-75CA5127A0EA}.Release|x86.ActiveCfg = Release|Any CPU
		{257DB983-0ABE-43FF-82C1-75CA5127A0EA}.Release|x86.Build.0 = Release|Any CPU
		{AAA6E609-F960-4A31-8853-8FE8A691FDF0}.Debug|Any CPU.ActiveCfg = Debug|Any CPU
		{AAA6E609-F960-4A31-8853-8FE8A691FDF0}.Debug|Any CPU.Build.0 = Debug|Any CPU
		{AAA6E609-F960-4A31-8853-8FE8A691FDF0}.Debug|x64.ActiveCfg = Debug|Any CPU
		{AAA6E609-F960-4A31-8853-8FE8A691FDF0}.Debug|x64.Build.0 = Debug|Any CPU
		{AAA6E609-F960-4A31-8853-8FE8A691FDF0}.Debug|x86.ActiveCfg = Debug|Any CPU
		{AAA6E609-F960-4A31-8853-8FE8A691FDF0}.Debug|x86.Build.0 = Debug|Any CPU
		{AAA6E609-F960-4A31-8853-8FE8A691FDF0}.Release|Any CPU.ActiveCfg = Release|Any CPU
		{AAA6E609-F960-4A31-8853-8FE8A691FDF0}.Release|Any CPU.Build.0 = Release|Any CPU
		{AAA6E609-F960-4A31-8853-8FE8A691FDF0}.Release|x64.ActiveCfg = Release|Any CPU
		{AAA6E609-F960-4A31-8853-8FE8A691FDF0}.Release|x64.Build.0 = Release|Any CPU
		{AAA6E609-F960-4A31-8853-8FE8A691FDF0}.Release|x86.ActiveCfg = Release|Any CPU
		{AAA6E609-F960-4A31-8853-8FE8A691FDF0}.Release|x86.Build.0 = Release|Any CPU
		{71A0E1A1-BAB8-4F46-AB37-F5B10016047F}.Debug|Any CPU.ActiveCfg = Debug|Any CPU
		{71A0E1A1-BAB8-4F46-AB37-F5B10016047F}.Debug|Any CPU.Build.0 = Debug|Any CPU
		{71A0E1A1-BAB8-4F46-AB37-F5B10016047F}.Debug|x64.ActiveCfg = Debug|Any CPU
		{71A0E1A1-BAB8-4F46-AB37-F5B10016047F}.Debug|x64.Build.0 = Debug|Any CPU
		{71A0E1A1-BAB8-4F46-AB37-F5B10016047F}.Debug|x86.ActiveCfg = Debug|Any CPU
		{71A0E1A1-BAB8-4F46-AB37-F5B10016047F}.Debug|x86.Build.0 = Debug|Any CPU
		{71A0E1A1-BAB8-4F46-AB37-F5B10016047F}.Release|Any CPU.ActiveCfg = Release|Any CPU
		{71A0E1A1-BAB8-4F46-AB37-F5B10016047F}.Release|Any CPU.Build.0 = Release|Any CPU
		{71A0E1A1-BAB8-4F46-AB37-F5B10016047F}.Release|x64.ActiveCfg = Release|Any CPU
		{71A0E1A1-BAB8-4F46-AB37-F5B10016047F}.Release|x64.Build.0 = Release|Any CPU
		{71A0E1A1-BAB8-4F46-AB37-F5B10016047F}.Release|x86.ActiveCfg = Release|Any CPU
		{71A0E1A1-BAB8-4F46-AB37-F5B10016047F}.Release|x86.Build.0 = Release|Any CPU
		{48B7F463-224E-47AC-95CC-01D26F289199}.Debug|Any CPU.ActiveCfg = Debug|Any CPU
		{48B7F463-224E-47AC-95CC-01D26F289199}.Debug|Any CPU.Build.0 = Debug|Any CPU
		{48B7F463-224E-47AC-95CC-01D26F289199}.Debug|x64.ActiveCfg = Debug|Any CPU
		{48B7F463-224E-47AC-95CC-01D26F289199}.Debug|x64.Build.0 = Debug|Any CPU
		{48B7F463-224E-47AC-95CC-01D26F289199}.Debug|x86.ActiveCfg = Debug|Any CPU
		{48B7F463-224E-47AC-95CC-01D26F289199}.Debug|x86.Build.0 = Debug|Any CPU
		{48B7F463-224E-47AC-95CC-01D26F289199}.Release|Any CPU.ActiveCfg = Release|Any CPU
		{48B7F463-224E-47AC-95CC-01D26F289199}.Release|Any CPU.Build.0 = Release|Any CPU
		{48B7F463-224E-47AC-95CC-01D26F289199}.Release|x64.ActiveCfg = Release|Any CPU
		{48B7F463-224E-47AC-95CC-01D26F289199}.Release|x64.Build.0 = Release|Any CPU
		{48B7F463-224E-47AC-95CC-01D26F289199}.Release|x86.ActiveCfg = Release|Any CPU
		{48B7F463-224E-47AC-95CC-01D26F289199}.Release|x86.Build.0 = Release|Any CPU
		{FD7F2A6C-604C-414F-A54D-E39C8C10B8E7}.Debug|Any CPU.ActiveCfg = Debug|Any CPU
		{FD7F2A6C-604C-414F-A54D-E39C8C10B8E7}.Debug|Any CPU.Build.0 = Debug|Any CPU
		{FD7F2A6C-604C-414F-A54D-E39C8C10B8E7}.Debug|x64.ActiveCfg = Debug|Any CPU
		{FD7F2A6C-604C-414F-A54D-E39C8C10B8E7}.Debug|x64.Build.0 = Debug|Any CPU
		{FD7F2A6C-604C-414F-A54D-E39C8C10B8E7}.Debug|x86.ActiveCfg = Debug|Any CPU
		{FD7F2A6C-604C-414F-A54D-E39C8C10B8E7}.Debug|x86.Build.0 = Debug|Any CPU
		{FD7F2A6C-604C-414F-A54D-E39C8C10B8E7}.Release|Any CPU.ActiveCfg = Release|Any CPU
		{FD7F2A6C-604C-414F-A54D-E39C8C10B8E7}.Release|Any CPU.Build.0 = Release|Any CPU
		{FD7F2A6C-604C-414F-A54D-E39C8C10B8E7}.Release|x64.ActiveCfg = Release|Any CPU
		{FD7F2A6C-604C-414F-A54D-E39C8C10B8E7}.Release|x64.Build.0 = Release|Any CPU
		{FD7F2A6C-604C-414F-A54D-E39C8C10B8E7}.Release|x86.ActiveCfg = Release|Any CPU
		{FD7F2A6C-604C-414F-A54D-E39C8C10B8E7}.Release|x86.Build.0 = Release|Any CPU
		{715615E3-0C65-4856-8F0E-1BF6BF2FA77D}.Debug|Any CPU.ActiveCfg = Debug|Any CPU
		{715615E3-0C65-4856-8F0E-1BF6BF2FA77D}.Debug|Any CPU.Build.0 = Debug|Any CPU
		{715615E3-0C65-4856-8F0E-1BF6BF2FA77D}.Debug|x64.ActiveCfg = Debug|Any CPU
		{715615E3-0C65-4856-8F0E-1BF6BF2FA77D}.Debug|x64.Build.0 = Debug|Any CPU
		{715615E3-0C65-4856-8F0E-1BF6BF2FA77D}.Debug|x86.ActiveCfg = Debug|Any CPU
		{715615E3-0C65-4856-8F0E-1BF6BF2FA77D}.Debug|x86.Build.0 = Debug|Any CPU
		{715615E3-0C65-4856-8F0E-1BF6BF2FA77D}.Release|Any CPU.ActiveCfg = Release|Any CPU
		{715615E3-0C65-4856-8F0E-1BF6BF2FA77D}.Release|Any CPU.Build.0 = Release|Any CPU
		{715615E3-0C65-4856-8F0E-1BF6BF2FA77D}.Release|x64.ActiveCfg = Release|Any CPU
		{715615E3-0C65-4856-8F0E-1BF6BF2FA77D}.Release|x64.Build.0 = Release|Any CPU
		{715615E3-0C65-4856-8F0E-1BF6BF2FA77D}.Release|x86.ActiveCfg = Release|Any CPU
		{715615E3-0C65-4856-8F0E-1BF6BF2FA77D}.Release|x86.Build.0 = Release|Any CPU
		{39E14C10-94FE-4288-A7C8-EF6A19476A8E}.Debug|Any CPU.ActiveCfg = Debug|Any CPU
		{39E14C10-94FE-4288-A7C8-EF6A19476A8E}.Debug|Any CPU.Build.0 = Debug|Any CPU
		{39E14C10-94FE-4288-A7C8-EF6A19476A8E}.Debug|x64.ActiveCfg = Debug|Any CPU
		{39E14C10-94FE-4288-A7C8-EF6A19476A8E}.Debug|x64.Build.0 = Debug|Any CPU
		{39E14C10-94FE-4288-A7C8-EF6A19476A8E}.Debug|x86.ActiveCfg = Debug|Any CPU
		{39E14C10-94FE-4288-A7C8-EF6A19476A8E}.Debug|x86.Build.0 = Debug|Any CPU
		{39E14C10-94FE-4288-A7C8-EF6A19476A8E}.Release|Any CPU.ActiveCfg = Release|Any CPU
		{39E14C10-94FE-4288-A7C8-EF6A19476A8E}.Release|Any CPU.Build.0 = Release|Any CPU
		{39E14C10-94FE-4288-A7C8-EF6A19476A8E}.Release|x64.ActiveCfg = Release|Any CPU
		{39E14C10-94FE-4288-A7C8-EF6A19476A8E}.Release|x64.Build.0 = Release|Any CPU
		{39E14C10-94FE-4288-A7C8-EF6A19476A8E}.Release|x86.ActiveCfg = Release|Any CPU
		{39E14C10-94FE-4288-A7C8-EF6A19476A8E}.Release|x86.Build.0 = Release|Any CPU
		{37A8265E-795B-4B60-8A1F-7C666236A78E}.Debug|Any CPU.ActiveCfg = Debug|Any CPU
		{37A8265E-795B-4B60-8A1F-7C666236A78E}.Debug|Any CPU.Build.0 = Debug|Any CPU
		{37A8265E-795B-4B60-8A1F-7C666236A78E}.Debug|x64.ActiveCfg = Debug|Any CPU
		{37A8265E-795B-4B60-8A1F-7C666236A78E}.Debug|x64.Build.0 = Debug|Any CPU
		{37A8265E-795B-4B60-8A1F-7C666236A78E}.Debug|x86.ActiveCfg = Debug|Any CPU
		{37A8265E-795B-4B60-8A1F-7C666236A78E}.Debug|x86.Build.0 = Debug|Any CPU
		{37A8265E-795B-4B60-8A1F-7C666236A78E}.Release|Any CPU.ActiveCfg = Release|Any CPU
		{37A8265E-795B-4B60-8A1F-7C666236A78E}.Release|Any CPU.Build.0 = Release|Any CPU
		{37A8265E-795B-4B60-8A1F-7C666236A78E}.Release|x64.ActiveCfg = Release|Any CPU
		{37A8265E-795B-4B60-8A1F-7C666236A78E}.Release|x64.Build.0 = Release|Any CPU
		{37A8265E-795B-4B60-8A1F-7C666236A78E}.Release|x86.ActiveCfg = Release|Any CPU
		{37A8265E-795B-4B60-8A1F-7C666236A78E}.Release|x86.Build.0 = Release|Any CPU
		{BA8C18BD-788B-4F00-82AB-2680C8CC31C0}.Debug|Any CPU.ActiveCfg = Debug|Any CPU
		{BA8C18BD-788B-4F00-82AB-2680C8CC31C0}.Debug|Any CPU.Build.0 = Debug|Any CPU
		{BA8C18BD-788B-4F00-82AB-2680C8CC31C0}.Debug|x64.ActiveCfg = Debug|Any CPU
		{BA8C18BD-788B-4F00-82AB-2680C8CC31C0}.Debug|x64.Build.0 = Debug|Any CPU
		{BA8C18BD-788B-4F00-82AB-2680C8CC31C0}.Debug|x86.ActiveCfg = Debug|Any CPU
		{BA8C18BD-788B-4F00-82AB-2680C8CC31C0}.Debug|x86.Build.0 = Debug|Any CPU
		{BA8C18BD-788B-4F00-82AB-2680C8CC31C0}.Release|Any CPU.ActiveCfg = Release|Any CPU
		{BA8C18BD-788B-4F00-82AB-2680C8CC31C0}.Release|Any CPU.Build.0 = Release|Any CPU
		{BA8C18BD-788B-4F00-82AB-2680C8CC31C0}.Release|x64.ActiveCfg = Release|Any CPU
		{BA8C18BD-788B-4F00-82AB-2680C8CC31C0}.Release|x64.Build.0 = Release|Any CPU
		{BA8C18BD-788B-4F00-82AB-2680C8CC31C0}.Release|x86.ActiveCfg = Release|Any CPU
		{BA8C18BD-788B-4F00-82AB-2680C8CC31C0}.Release|x86.Build.0 = Release|Any CPU
		{6E45EED8-6045-4ACC-9827-9DA81056ABAE}.Debug|Any CPU.ActiveCfg = Debug|Any CPU
		{6E45EED8-6045-4ACC-9827-9DA81056ABAE}.Debug|Any CPU.Build.0 = Debug|Any CPU
		{6E45EED8-6045-4ACC-9827-9DA81056ABAE}.Debug|x64.ActiveCfg = Debug|Any CPU
		{6E45EED8-6045-4ACC-9827-9DA81056ABAE}.Debug|x64.Build.0 = Debug|Any CPU
		{6E45EED8-6045-4ACC-9827-9DA81056ABAE}.Debug|x86.ActiveCfg = Debug|Any CPU
		{6E45EED8-6045-4ACC-9827-9DA81056ABAE}.Debug|x86.Build.0 = Debug|Any CPU
		{6E45EED8-6045-4ACC-9827-9DA81056ABAE}.Release|Any CPU.ActiveCfg = Release|Any CPU
		{6E45EED8-6045-4ACC-9827-9DA81056ABAE}.Release|Any CPU.Build.0 = Release|Any CPU
		{6E45EED8-6045-4ACC-9827-9DA81056ABAE}.Release|x64.ActiveCfg = Release|Any CPU
		{6E45EED8-6045-4ACC-9827-9DA81056ABAE}.Release|x64.Build.0 = Release|Any CPU
		{6E45EED8-6045-4ACC-9827-9DA81056ABAE}.Release|x86.ActiveCfg = Release|Any CPU
		{6E45EED8-6045-4ACC-9827-9DA81056ABAE}.Release|x86.Build.0 = Release|Any CPU
		{317F8BCC-D7C4-4AB6-879C-504D3C9024EE}.Debug|Any CPU.ActiveCfg = Debug|Any CPU
		{317F8BCC-D7C4-4AB6-879C-504D3C9024EE}.Debug|Any CPU.Build.0 = Debug|Any CPU
		{317F8BCC-D7C4-4AB6-879C-504D3C9024EE}.Debug|x64.ActiveCfg = Debug|Any CPU
		{317F8BCC-D7C4-4AB6-879C-504D3C9024EE}.Debug|x64.Build.0 = Debug|Any CPU
		{317F8BCC-D7C4-4AB6-879C-504D3C9024EE}.Debug|x86.ActiveCfg = Debug|Any CPU
		{317F8BCC-D7C4-4AB6-879C-504D3C9024EE}.Debug|x86.Build.0 = Debug|Any CPU
		{317F8BCC-D7C4-4AB6-879C-504D3C9024EE}.Release|Any CPU.ActiveCfg = Release|Any CPU
		{317F8BCC-D7C4-4AB6-879C-504D3C9024EE}.Release|Any CPU.Build.0 = Release|Any CPU
		{317F8BCC-D7C4-4AB6-879C-504D3C9024EE}.Release|x64.ActiveCfg = Release|Any CPU
		{317F8BCC-D7C4-4AB6-879C-504D3C9024EE}.Release|x64.Build.0 = Release|Any CPU
		{317F8BCC-D7C4-4AB6-879C-504D3C9024EE}.Release|x86.ActiveCfg = Release|Any CPU
		{317F8BCC-D7C4-4AB6-879C-504D3C9024EE}.Release|x86.Build.0 = Release|Any CPU
		{11E5DB8C-9600-4C61-B888-6D8EADC121F6}.Debug|Any CPU.ActiveCfg = Debug|Any CPU
		{11E5DB8C-9600-4C61-B888-6D8EADC121F6}.Debug|Any CPU.Build.0 = Debug|Any CPU
		{11E5DB8C-9600-4C61-B888-6D8EADC121F6}.Debug|x64.ActiveCfg = Debug|Any CPU
		{11E5DB8C-9600-4C61-B888-6D8EADC121F6}.Debug|x64.Build.0 = Debug|Any CPU
		{11E5DB8C-9600-4C61-B888-6D8EADC121F6}.Debug|x86.ActiveCfg = Debug|Any CPU
		{11E5DB8C-9600-4C61-B888-6D8EADC121F6}.Debug|x86.Build.0 = Debug|Any CPU
		{11E5DB8C-9600-4C61-B888-6D8EADC121F6}.Release|Any CPU.ActiveCfg = Release|Any CPU
		{11E5DB8C-9600-4C61-B888-6D8EADC121F6}.Release|Any CPU.Build.0 = Release|Any CPU
		{11E5DB8C-9600-4C61-B888-6D8EADC121F6}.Release|x64.ActiveCfg = Release|Any CPU
		{11E5DB8C-9600-4C61-B888-6D8EADC121F6}.Release|x64.Build.0 = Release|Any CPU
		{11E5DB8C-9600-4C61-B888-6D8EADC121F6}.Release|x86.ActiveCfg = Release|Any CPU
		{11E5DB8C-9600-4C61-B888-6D8EADC121F6}.Release|x86.Build.0 = Release|Any CPU
		{230C1004-1115-4EB5-9068-98A82738764F}.Debug|Any CPU.ActiveCfg = Debug|Any CPU
		{230C1004-1115-4EB5-9068-98A82738764F}.Debug|Any CPU.Build.0 = Debug|Any CPU
		{230C1004-1115-4EB5-9068-98A82738764F}.Debug|x64.ActiveCfg = Debug|Any CPU
		{230C1004-1115-4EB5-9068-98A82738764F}.Debug|x64.Build.0 = Debug|Any CPU
		{230C1004-1115-4EB5-9068-98A82738764F}.Debug|x86.ActiveCfg = Debug|Any CPU
		{230C1004-1115-4EB5-9068-98A82738764F}.Debug|x86.Build.0 = Debug|Any CPU
		{230C1004-1115-4EB5-9068-98A82738764F}.Release|Any CPU.ActiveCfg = Release|Any CPU
		{230C1004-1115-4EB5-9068-98A82738764F}.Release|Any CPU.Build.0 = Release|Any CPU
		{230C1004-1115-4EB5-9068-98A82738764F}.Release|x64.ActiveCfg = Release|Any CPU
		{230C1004-1115-4EB5-9068-98A82738764F}.Release|x64.Build.0 = Release|Any CPU
		{230C1004-1115-4EB5-9068-98A82738764F}.Release|x86.ActiveCfg = Release|Any CPU
		{230C1004-1115-4EB5-9068-98A82738764F}.Release|x86.Build.0 = Release|Any CPU
		{417C6970-14F7-4296-80DD-763D0FF39C21}.Debug|Any CPU.ActiveCfg = Debug|Any CPU
		{417C6970-14F7-4296-80DD-763D0FF39C21}.Debug|Any CPU.Build.0 = Debug|Any CPU
		{417C6970-14F7-4296-80DD-763D0FF39C21}.Debug|x64.ActiveCfg = Debug|Any CPU
		{417C6970-14F7-4296-80DD-763D0FF39C21}.Debug|x64.Build.0 = Debug|Any CPU
		{417C6970-14F7-4296-80DD-763D0FF39C21}.Debug|x86.ActiveCfg = Debug|Any CPU
		{417C6970-14F7-4296-80DD-763D0FF39C21}.Debug|x86.Build.0 = Debug|Any CPU
		{417C6970-14F7-4296-80DD-763D0FF39C21}.Release|Any CPU.ActiveCfg = Release|Any CPU
		{417C6970-14F7-4296-80DD-763D0FF39C21}.Release|Any CPU.Build.0 = Release|Any CPU
		{417C6970-14F7-4296-80DD-763D0FF39C21}.Release|x64.ActiveCfg = Release|Any CPU
		{417C6970-14F7-4296-80DD-763D0FF39C21}.Release|x64.Build.0 = Release|Any CPU
		{417C6970-14F7-4296-80DD-763D0FF39C21}.Release|x86.ActiveCfg = Release|Any CPU
		{417C6970-14F7-4296-80DD-763D0FF39C21}.Release|x86.Build.0 = Release|Any CPU
		{0749BE4B-972E-442D-8DBB-81FBAEE7EF45}.Debug|Any CPU.ActiveCfg = Debug|Any CPU
		{0749BE4B-972E-442D-8DBB-81FBAEE7EF45}.Debug|Any CPU.Build.0 = Debug|Any CPU
		{0749BE4B-972E-442D-8DBB-81FBAEE7EF45}.Debug|x64.ActiveCfg = Debug|Any CPU
		{0749BE4B-972E-442D-8DBB-81FBAEE7EF45}.Debug|x64.Build.0 = Debug|Any CPU
		{0749BE4B-972E-442D-8DBB-81FBAEE7EF45}.Debug|x86.ActiveCfg = Debug|Any CPU
		{0749BE4B-972E-442D-8DBB-81FBAEE7EF45}.Debug|x86.Build.0 = Debug|Any CPU
		{0749BE4B-972E-442D-8DBB-81FBAEE7EF45}.Release|Any CPU.ActiveCfg = Release|Any CPU
		{0749BE4B-972E-442D-8DBB-81FBAEE7EF45}.Release|Any CPU.Build.0 = Release|Any CPU
		{0749BE4B-972E-442D-8DBB-81FBAEE7EF45}.Release|x64.ActiveCfg = Release|Any CPU
		{0749BE4B-972E-442D-8DBB-81FBAEE7EF45}.Release|x64.Build.0 = Release|Any CPU
		{0749BE4B-972E-442D-8DBB-81FBAEE7EF45}.Release|x86.ActiveCfg = Release|Any CPU
		{0749BE4B-972E-442D-8DBB-81FBAEE7EF45}.Release|x86.Build.0 = Release|Any CPU
		{42A70326-AF84-44DD-804C-1CF688ABF93A}.Debug|Any CPU.ActiveCfg = Debug|Any CPU
		{42A70326-AF84-44DD-804C-1CF688ABF93A}.Debug|Any CPU.Build.0 = Debug|Any CPU
		{42A70326-AF84-44DD-804C-1CF688ABF93A}.Debug|x64.ActiveCfg = Debug|Any CPU
		{42A70326-AF84-44DD-804C-1CF688ABF93A}.Debug|x64.Build.0 = Debug|Any CPU
		{42A70326-AF84-44DD-804C-1CF688ABF93A}.Debug|x86.ActiveCfg = Debug|Any CPU
		{42A70326-AF84-44DD-804C-1CF688ABF93A}.Debug|x86.Build.0 = Debug|Any CPU
		{42A70326-AF84-44DD-804C-1CF688ABF93A}.Release|Any CPU.ActiveCfg = Release|Any CPU
		{42A70326-AF84-44DD-804C-1CF688ABF93A}.Release|Any CPU.Build.0 = Release|Any CPU
		{42A70326-AF84-44DD-804C-1CF688ABF93A}.Release|x64.ActiveCfg = Release|Any CPU
		{42A70326-AF84-44DD-804C-1CF688ABF93A}.Release|x64.Build.0 = Release|Any CPU
		{42A70326-AF84-44DD-804C-1CF688ABF93A}.Release|x86.ActiveCfg = Release|Any CPU
		{42A70326-AF84-44DD-804C-1CF688ABF93A}.Release|x86.Build.0 = Release|Any CPU
		{B730E040-0087-4BDB-B845-F29B102F3360}.Debug|Any CPU.ActiveCfg = Debug|Any CPU
		{B730E040-0087-4BDB-B845-F29B102F3360}.Debug|Any CPU.Build.0 = Debug|Any CPU
		{B730E040-0087-4BDB-B845-F29B102F3360}.Debug|x64.ActiveCfg = Debug|Any CPU
		{B730E040-0087-4BDB-B845-F29B102F3360}.Debug|x64.Build.0 = Debug|Any CPU
		{B730E040-0087-4BDB-B845-F29B102F3360}.Debug|x86.ActiveCfg = Debug|Any CPU
		{B730E040-0087-4BDB-B845-F29B102F3360}.Debug|x86.Build.0 = Debug|Any CPU
		{B730E040-0087-4BDB-B845-F29B102F3360}.Release|Any CPU.ActiveCfg = Release|Any CPU
		{B730E040-0087-4BDB-B845-F29B102F3360}.Release|Any CPU.Build.0 = Release|Any CPU
		{B730E040-0087-4BDB-B845-F29B102F3360}.Release|x64.ActiveCfg = Release|Any CPU
		{B730E040-0087-4BDB-B845-F29B102F3360}.Release|x64.Build.0 = Release|Any CPU
		{B730E040-0087-4BDB-B845-F29B102F3360}.Release|x86.ActiveCfg = Release|Any CPU
		{B730E040-0087-4BDB-B845-F29B102F3360}.Release|x86.Build.0 = Release|Any CPU
		{DE089BB3-1E65-41E7-897A-D0D872CDFFE1}.Debug|Any CPU.ActiveCfg = Debug|Any CPU
		{DE089BB3-1E65-41E7-897A-D0D872CDFFE1}.Debug|Any CPU.Build.0 = Debug|Any CPU
		{DE089BB3-1E65-41E7-897A-D0D872CDFFE1}.Debug|x64.ActiveCfg = Debug|Any CPU
		{DE089BB3-1E65-41E7-897A-D0D872CDFFE1}.Debug|x64.Build.0 = Debug|Any CPU
		{DE089BB3-1E65-41E7-897A-D0D872CDFFE1}.Debug|x86.ActiveCfg = Debug|Any CPU
		{DE089BB3-1E65-41E7-897A-D0D872CDFFE1}.Debug|x86.Build.0 = Debug|Any CPU
		{DE089BB3-1E65-41E7-897A-D0D872CDFFE1}.Release|Any CPU.ActiveCfg = Release|Any CPU
		{DE089BB3-1E65-41E7-897A-D0D872CDFFE1}.Release|Any CPU.Build.0 = Release|Any CPU
		{DE089BB3-1E65-41E7-897A-D0D872CDFFE1}.Release|x64.ActiveCfg = Release|Any CPU
		{DE089BB3-1E65-41E7-897A-D0D872CDFFE1}.Release|x64.Build.0 = Release|Any CPU
		{DE089BB3-1E65-41E7-897A-D0D872CDFFE1}.Release|x86.ActiveCfg = Release|Any CPU
		{DE089BB3-1E65-41E7-897A-D0D872CDFFE1}.Release|x86.Build.0 = Release|Any CPU
	EndGlobalSection
	GlobalSection(SolutionProperties) = preSolution
		HideSolutionNode = FALSE
	EndGlobalSection
EndGlobal
