
Microsoft Visual Studio Solution File, Format Version 12.00
# Visual Studio Version 17
VisualStudioVersion = 17.0.31903.59
MinimumVisualStudioVersion = 10.0.40219.1
Project("{2150E333-8FDC-42A3-9474-1A3956D46DE8}") = "New", "New", "{40E30200-EFBD-48F8-B61F-1AFFC04ED7A0}"
EndProject
Project("{2150E333-8FDC-42A3-9474-1A3956D46DE8}") = "Core", "Core", "{1308661D-FBC0-4E44-9751-1775DBACB6D0}"
EndProject
Project("{FAE04EC0-301F-11D3-BF4B-00C04F79EFBC}") = "Nop.Core.Domain", "New\Core\Nop.Core.Domain\Nop.Core.Domain.csproj", "{437C18E1-B879-4599-A00A-5DFE3C13D9D1}"
EndProject
Project("{FAE04EC0-301F-11D3-BF4B-00C04F79EFBC}") = "Nop.Core", "New\Core\Nop.Core\Nop.Core.csproj", "{D2DDB389-0FB9-4C1A-8A3A-06A66BD100D0}"
EndProject
Project("{2150E333-8FDC-42A3-9474-1A3956D46DE8}") = "Data", "Data", "{B37C3B46-D574-46F2-A037-8AEE6A47B5C2}"
EndProject
Project("{FAE04EC0-301F-11D3-BF4B-00C04F79EFBC}") = "Nop.Data", "New\Data\Nop.Data\Nop.Data.csproj", "{ECA93D01-A7A6-4F08-ABD0-A5C2053CAF04}"
EndProject
Project("{2150E333-8FDC-42A3-9474-1A3956D46DE8}") = "Services", "Services", "{35659537-6998-43E2-ABDC-DB3A84DB31D1}"
EndProject
Project("{FAE04EC0-301F-11D3-BF4B-00C04F79EFBC}") = "Nop.Services", "New\Services\Nop.Services\Nop.Services.csproj", "{DDF59006-6B0A-4CF4-8977-D7D445446190}"
EndProject
Project("{2150E333-8FDC-42A3-9474-1A3956D46DE8}") = "Web", "Web", "{FA025C75-A08F-4554-9A7E-890FC1051D2E}"
EndProject
Project("{FAE04EC0-301F-11D3-BF4B-00C04F79EFBC}") = "Nop.Web.Framework", "New\Web\Nop.Web.Framework\Nop.Web.Framework.csproj", "{CECC1F84-F7AA-4661-838F-07F9DA49508C}"
EndProject
Project("{FAE04EC0-301F-11D3-BF4B-00C04F79EFBC}") = "Nop.Web", "New\Web\Nop.Web\Nop.Web.csproj", "{268E37C9-D8C4-4481-9AA8-41B3F68F231F}"
EndProject
Project("{FAE04EC0-301F-11D3-BF4B-00C04F79EFBC}") = "Nop.Core.Domain.Tests", "..\tests\Nop.Core.Domain.Tests\Nop.Core.Domain.Tests.csproj", "{09F037B0-D959-4B69-958A-31F4D83ED8CB}"
EndProject
Project("{FAE04EC0-301F-11D3-BF4B-00C04F79EFBC}") = "Nop.Core.Tests", "..\tests\Nop.Core.Tests\Nop.Core.Tests.csproj", "{4C0C05C3-4AF6-4DF8-AAAE-5287D1E91434}"
EndProject
Project("{FAE04EC0-301F-11D3-BF4B-00C04F79EFBC}") = "Nop.Data.Tests", "..\tests\Nop.Data.Tests\Nop.Data.Tests.csproj", "{C132862C-8141-4C2E-8433-26B00327331C}"
EndProject
Project("{FAE04EC0-301F-11D3-BF4B-00C04F79EFBC}") = "Nop.Services.Tests", "..\tests\Nop.Services.Tests\Nop.Services.Tests.csproj", "{95083F2C-17DB-45C5-8F61-4F5EA9EAD386}"
EndProject
Project("{FAE04EC0-301F-11D3-BF4B-00C04F79EFBC}") = "Nop.Web.Tests", "..\tests\Nop.Web.Tests\Nop.Web.Tests.csproj", "{C7D285E4-CEB3-4F25-8779-D6A394A842BE}"
EndProject
Global
	GlobalSection(SolutionConfigurationPlatforms) = preSolution
		Debug|Any CPU = Debug|Any CPU
		Release|Any CPU = Release|Any CPU
	EndGlobalSection
	GlobalSection(SolutionProperties) = preSolution
		HideSolutionNode = FALSE
	EndGlobalSection
	GlobalSection(ProjectConfigurationPlatforms) = postSolution
		{437C18E1-B879-4599-A00A-5DFE3C13D9D1}.Debug|Any CPU.ActiveCfg = Debug|Any CPU
		{437C18E1-B879-4599-A00A-5DFE3C13D9D1}.Debug|Any CPU.Build.0 = Debug|Any CPU
		{437C18E1-B879-4599-A00A-5DFE3C13D9D1}.Release|Any CPU.ActiveCfg = Release|Any CPU
		{437C18E1-B879-4599-A00A-5DFE3C13D9D1}.Release|Any CPU.Build.0 = Release|Any CPU
		{D2DDB389-0FB9-4C1A-8A3A-06A66BD100D0}.Debug|Any CPU.ActiveCfg = Debug|Any CPU
		{D2DDB389-0FB9-4C1A-8A3A-06A66BD100D0}.Debug|Any CPU.Build.0 = Debug|Any CPU
		{D2DDB389-0FB9-4C1A-8A3A-06A66BD100D0}.Release|Any CPU.ActiveCfg = Release|Any CPU
		{D2DDB389-0FB9-4C1A-8A3A-06A66BD100D0}.Release|Any CPU.Build.0 = Release|Any CPU
		{ECA93D01-A7A6-4F08-ABD0-A5C2053CAF04}.Debug|Any CPU.ActiveCfg = Debug|Any CPU
		{ECA93D01-A7A6-4F08-ABD0-A5C2053CAF04}.Debug|Any CPU.Build.0 = Debug|Any CPU
		{ECA93D01-A7A6-4F08-ABD0-A5C2053CAF04}.Release|Any CPU.ActiveCfg = Release|Any CPU
		{ECA93D01-A7A6-4F08-ABD0-A5C2053CAF04}.Release|Any CPU.Build.0 = Release|Any CPU
		{DDF59006-6B0A-4CF4-8977-D7D445446190}.Debug|Any CPU.ActiveCfg = Debug|Any CPU
		{DDF59006-6B0A-4CF4-8977-D7D445446190}.Debug|Any CPU.Build.0 = Debug|Any CPU
		{DDF59006-6B0A-4CF4-8977-D7D445446190}.Release|Any CPU.ActiveCfg = Release|Any CPU
		{DDF59006-6B0A-4CF4-8977-D7D445446190}.Release|Any CPU.Build.0 = Release|Any CPU
		{CECC1F84-F7AA-4661-838F-07F9DA49508C}.Debug|Any CPU.ActiveCfg = Debug|Any CPU
		{CECC1F84-F7AA-4661-838F-07F9DA49508C}.Debug|Any CPU.Build.0 = Debug|Any CPU
		{CECC1F84-F7AA-4661-838F-07F9DA49508C}.Release|Any CPU.ActiveCfg = Release|Any CPU
		{CECC1F84-F7AA-4661-838F-07F9DA49508C}.Release|Any CPU.Build.0 = Release|Any CPU
		{268E37C9-D8C4-4481-9AA8-41B3F68F231F}.Debug|Any CPU.ActiveCfg = Debug|Any CPU
		{268E37C9-D8C4-4481-9AA8-41B3F68F231F}.Debug|Any CPU.Build.0 = Debug|Any CPU
		{268E37C9-D8C4-4481-9AA8-41B3F68F231F}.Release|Any CPU.ActiveCfg = Release|Any CPU
		{268E37C9-D8C4-4481-9AA8-41B3F68F231F}.Release|Any CPU.Build.0 = Release|Any CPU
		{09F037B0-D959-4B69-958A-31F4D83ED8CB}.Debug|Any CPU.ActiveCfg = Debug|Any CPU
		{09F037B0-D959-4B69-958A-31F4D83ED8CB}.Debug|Any CPU.Build.0 = Debug|Any CPU
		{09F037B0-D959-4B69-958A-31F4D83ED8CB}.Release|Any CPU.ActiveCfg = Release|Any CPU
		{09F037B0-D959-4B69-958A-31F4D83ED8CB}.Release|Any CPU.Build.0 = Release|Any CPU
		{4C0C05C3-4AF6-4DF8-AAAE-5287D1E91434}.Debug|Any CPU.ActiveCfg = Debug|Any CPU
		{4C0C05C3-4AF6-4DF8-AAAE-5287D1E91434}.Debug|Any CPU.Build.0 = Debug|Any CPU
		{4C0C05C3-4AF6-4DF8-AAAE-5287D1E91434}.Release|Any CPU.ActiveCfg = Release|Any CPU
		{4C0C05C3-4AF6-4DF8-AAAE-5287D1E91434}.Release|Any CPU.Build.0 = Release|Any CPU
		{C132862C-8141-4C2E-8433-26B00327331C}.Debug|Any CPU.ActiveCfg = Debug|Any CPU
		{C132862C-8141-4C2E-8433-26B00327331C}.Debug|Any CPU.Build.0 = Debug|Any CPU
		{C132862C-8141-4C2E-8433-26B00327331C}.Release|Any CPU.ActiveCfg = Release|Any CPU
		{C132862C-8141-4C2E-8433-26B00327331C}.Release|Any CPU.Build.0 = Release|Any CPU
		{95083F2C-17DB-45C5-8F61-4F5EA9EAD386}.Debug|Any CPU.ActiveCfg = Debug|Any CPU
		{95083F2C-17DB-45C5-8F61-4F5EA9EAD386}.Debug|Any CPU.Build.0 = Debug|Any CPU
		{95083F2C-17DB-45C5-8F61-4F5EA9EAD386}.Release|Any CPU.ActiveCfg = Release|Any CPU
		{95083F2C-17DB-45C5-8F61-4F5EA9EAD386}.Release|Any CPU.Build.0 = Release|Any CPU
		{C7D285E4-CEB3-4F25-8779-D6A394A842BE}.Debug|Any CPU.ActiveCfg = Debug|Any CPU
		{C7D285E4-CEB3-4F25-8779-D6A394A842BE}.Debug|Any CPU.Build.0 = Debug|Any CPU
		{C7D285E4-CEB3-4F25-8779-D6A394A842BE}.Release|Any CPU.ActiveCfg = Release|Any CPU
		{C7D285E4-CEB3-4F25-8779-D6A394A842BE}.Release|Any CPU.Build.0 = Release|Any CPU
	EndGlobalSection
	GlobalSection(NestedProjects) = preSolution
		{1308661D-FBC0-4E44-9751-1775DBACB6D0} = {40E30200-EFBD-48F8-B61F-1AFFC04ED7A0}
		{437C18E1-B879-4599-A00A-5DFE3C13D9D1} = {1308661D-FBC0-4E44-9751-1775DBACB6D0}
		{D2DDB389-0FB9-4C1A-8A3A-06A66BD100D0} = {1308661D-FBC0-4E44-9751-1775DBACB6D0}
		{B37C3B46-D574-46F2-A037-8AEE6A47B5C2} = {40E30200-EFBD-48F8-B61F-1AFFC04ED7A0}
		{ECA93D01-A7A6-4F08-ABD0-A5C2053CAF04} = {B37C3B46-D574-46F2-A037-8AEE6A47B5C2}
		{35659537-6998-43E2-ABDC-DB3A84DB31D1} = {40E30200-EFBD-48F8-B61F-1AFFC04ED7A0}
		{DDF59006-6B0A-4CF4-8977-D7D445446190} = {35659537-6998-43E2-ABDC-DB3A84DB31D1}
		{FA025C75-A08F-4554-9A7E-890FC1051D2E} = {40E30200-EFBD-48F8-B61F-1AFFC04ED7A0}
		{CECC1F84-F7AA-4661-838F-07F9DA49508C} = {FA025C75-A08F-4554-9A7E-890FC1051D2E}
		{268E37C9-D8C4-4481-9AA8-41B3F68F231F} = {FA025C75-A08F-4554-9A7E-890FC1051D2E}
	EndGlobalSection
EndGlobal
